
Microsoft Visual Studio Solution File, Format Version 12.00
Project("{FAE04EC0-301F-11D3-BF4B-00C04F79EFBC}") = "Laba2Sred", "Laba2Sred\Laba2Sred.csproj", "{C96E3CC9-A3BD-4AB3-9E9C-1781B8939340}"
EndProject
Project("{FAE04EC0-301F-11D3-BF4B-00C04F79EFBC}") = "Quest2", "Quest2\Quest2.csproj", "{E37FDCEA-6E98-4223-951C-127640AD7BF7}"
EndProject
Project("{FAE04EC0-301F-11D3-BF4B-00C04F79EFBC}") = "Quest3", "Quest3\Quest3.csproj", "{A23B92CF-0B5F-4F08-8395-E4399BA2BE69}"
EndProject
Project("{FAE04EC0-301F-11D3-BF4B-00C04F79EFBC}") = "Quest4", "Quest4\Quest4.csproj", "{38DDC889-1953-4808-AB17-E3E5623F4864}"
EndProject
Project("{FAE04EC0-301F-11D3-BF4B-00C04F79EFBC}") = "Quest5", "Quest5\Quest5.csproj", "{E083F580-0352-478A-8D5B-1D9626BFDC48}"
EndProject
Project("{FAE04EC0-301F-11D3-BF4B-00C04F79EFBC}") = "Quest6", "Quest6\Quest6.csproj", "{561E03BC-A847-4EB7-901B-8FF1B6FB771A}"
EndProject
Project("{FAE04EC0-301F-11D3-BF4B-00C04F79EFBC}") = "Quest7", "Quest7\Quest7.csproj", "{31F21498-A0FA-4147-AFFF-96D75B1BF104}"
EndProject
Global
	GlobalSection(SolutionConfigurationPlatforms) = preSolution
		Debug|Any CPU = Debug|Any CPU
		Release|Any CPU = Release|Any CPU
	EndGlobalSection
	GlobalSection(ProjectConfigurationPlatforms) = postSolution
		{C96E3CC9-A3BD-4AB3-9E9C-1781B8939340}.Debug|Any CPU.ActiveCfg = Debug|Any CPU
		{C96E3CC9-A3BD-4AB3-9E9C-1781B8939340}.Debug|Any CPU.Build.0 = Debug|Any CPU
		{C96E3CC9-A3BD-4AB3-9E9C-1781B8939340}.Release|Any CPU.ActiveCfg = Release|Any CPU
		{C96E3CC9-A3BD-4AB3-9E9C-1781B8939340}.Release|Any CPU.Build.0 = Release|Any CPU
		{E37FDCEA-6E98-4223-951C-127640AD7BF7}.Debug|Any CPU.ActiveCfg = Debug|Any CPU
		{E37FDCEA-6E98-4223-951C-127640AD7BF7}.Debug|Any CPU.Build.0 = Debug|Any CPU
		{E37FDCEA-6E98-4223-951C-127640AD7BF7}.Release|Any CPU.ActiveCfg = Release|Any CPU
		{E37FDCEA-6E98-4223-951C-127640AD7BF7}.Release|Any CPU.Build.0 = Release|Any CPU
		{A23B92CF-0B5F-4F08-8395-E4399BA2BE69}.Debug|Any CPU.ActiveCfg = Debug|Any CPU
		{A23B92CF-0B5F-4F08-8395-E4399BA2BE69}.Debug|Any CPU.Build.0 = Debug|Any CPU
		{A23B92CF-0B5F-4F08-8395-E4399BA2BE69}.Release|Any CPU.ActiveCfg = Release|Any CPU
		{A23B92CF-0B5F-4F08-8395-E4399BA2BE69}.Release|Any CPU.Build.0 = Release|Any CPU
		{38DDC889-1953-4808-AB17-E3E5623F4864}.Debug|Any CPU.ActiveCfg = Debug|Any CPU
		{38DDC889-1953-4808-AB17-E3E5623F4864}.Debug|Any CPU.Build.0 = Debug|Any CPU
		{38DDC889-1953-4808-AB17-E3E5623F4864}.Release|Any CPU.ActiveCfg = Release|Any CPU
		{38DDC889-1953-4808-AB17-E3E5623F4864}.Release|Any CPU.Build.0 = Release|Any CPU
		{E083F580-0352-478A-8D5B-1D9626BFDC48}.Debug|Any CPU.ActiveCfg = Debug|Any CPU
		{E083F580-0352-478A-8D5B-1D9626BFDC48}.Debug|Any CPU.Build.0 = Debug|Any CPU
		{E083F580-0352-478A-8D5B-1D9626BFDC48}.Release|Any CPU.ActiveCfg = Release|Any CPU
		{E083F580-0352-478A-8D5B-1D9626BFDC48}.Release|Any CPU.Build.0 = Release|Any CPU
		{561E03BC-A847-4EB7-901B-8FF1B6FB771A}.Debug|Any CPU.ActiveCfg = Debug|Any CPU
		{561E03BC-A847-4EB7-901B-8FF1B6FB771A}.Debug|Any CPU.Build.0 = Debug|Any CPU
		{561E03BC-A847-4EB7-901B-8FF1B6FB771A}.Release|Any CPU.ActiveCfg = Release|Any CPU
		{561E03BC-A847-4EB7-901B-8FF1B6FB771A}.Release|Any CPU.Build.0 = Release|Any CPU
		{31F21498-A0FA-4147-AFFF-96D75B1BF104}.Debug|Any CPU.ActiveCfg = Debug|Any CPU
		{31F21498-A0FA-4147-AFFF-96D75B1BF104}.Debug|Any CPU.Build.0 = Debug|Any CPU
		{31F21498-A0FA-4147-AFFF-96D75B1BF104}.Release|Any CPU.ActiveCfg = Release|Any CPU
		{31F21498-A0FA-4147-AFFF-96D75B1BF104}.Release|Any CPU.Build.0 = Release|Any CPU
	EndGlobalSection
EndGlobal
