
Microsoft Visual Studio Solution File, Format Version 12.00
Project("{FAE04EC0-301F-11D3-BF4B-00C04F79EFBC}") = "Laba2Sred", "Laba2Sred\Laba2Sred.csproj", "{C96E3CC9-A3BD-4AB3-9E9C-1781B8939340}"
EndProject
Project("{FAE04EC0-301F-11D3-BF4B-00C04F79EFBC}") = "Quest2", "Quest2\Quest2.csproj", "{E37FDCEA-6E98-4223-951C-127640AD7BF7}"
EndProject
Project("{FAE04EC0-301F-11D3-BF4B-00C04F79EFBC}") = "Quest3", "Quest3\Quest3.csproj", "{A23B92CF-0B5F-4F08-8395-E4399BA2BE69}"
EndProject
Global
	GlobalSection(SolutionConfigurationPlatforms) = preSolution
		Debug|Any CPU = Debug|Any CPU
		Release|Any CPU = Release|Any CPU
	EndGlobalSection
	GlobalSection(ProjectConfigurationPlatforms) = postSolution
		{C96E3CC9-A3BD-4AB3-9E9C-1781B8939340}.Debug|Any CPU.ActiveCfg = Debug|Any CPU
		{C96E3CC9-A3BD-4AB3-9E9C-1781B8939340}.Debug|Any CPU.Build.0 = Debug|Any CPU
		{C96E3CC9-A3BD-4AB3-9E9C-1781B8939340}.Release|Any CPU.ActiveCfg = Release|Any CPU
		{C96E3CC9-A3BD-4AB3-9E9C-1781B8939340}.Release|Any CPU.Build.0 = Release|Any CPU
		{E37FDCEA-6E98-4223-951C-127640AD7BF7}.Debug|Any CPU.ActiveCfg = Debug|Any CPU
		{E37FDCEA-6E98-4223-951C-127640AD7BF7}.Debug|Any CPU.Build.0 = Debug|Any CPU
		{E37FDCEA-6E98-4223-951C-127640AD7BF7}.Release|Any CPU.ActiveCfg = Release|Any CPU
		{E37FDCEA-6E98-4223-951C-127640AD7BF7}.Release|Any CPU.Build.0 = Release|Any CPU
		{A23B92CF-0B5F-4F08-8395-E4399BA2BE69}.Debug|Any CPU.ActiveCfg = Debug|Any CPU
		{A23B92CF-0B5F-4F08-8395-E4399BA2BE69}.Debug|Any CPU.Build.0 = Debug|Any CPU
		{A23B92CF-0B5F-4F08-8395-E4399BA2BE69}.Release|Any CPU.ActiveCfg = Release|Any CPU
		{A23B92CF-0B5F-4F08-8395-E4399BA2BE69}.Release|Any CPU.Build.0 = Release|Any CPU
	EndGlobalSection
EndGlobal
